
Microsoft Visual Studio Solution File, Format Version 12.00
# Visual Studio 15
VisualStudioVersion = 15.0.26730.16
MinimumVisualStudioVersion = 10.0.40219.1
Project("{FAE04EC0-301F-11D3-BF4B-00C04F79EFBC}") = "8-StudentiObrazec", "8-StudentiObrazec\8-StudentiObrazec.csproj", "{495B7A43-0805-4236-9429-732F1FCF217A}"
EndProject
Project("{FAE04EC0-301F-11D3-BF4B-00C04F79EFBC}") = "Slikar", "Slikar\Slikar.csproj", "{1D1554ED-C828-4231-85DC-EBBEE36BCCED}"
EndProject
Project("{FAE04EC0-301F-11D3-BF4B-00C04F79EFBC}") = "Anketa", "Anketa\Anketa.csproj", "{5908AF11-7AD4-4B34-A03F-9B653B7C3415}"
EndProject
Global
	GlobalSection(SolutionConfigurationPlatforms) = preSolution
		Debug|Any CPU = Debug|Any CPU
		Release|Any CPU = Release|Any CPU
	EndGlobalSection
	GlobalSection(ProjectConfigurationPlatforms) = postSolution
		{495B7A43-0805-4236-9429-732F1FCF217A}.Debug|Any CPU.ActiveCfg = Debug|Any CPU
		{495B7A43-0805-4236-9429-732F1FCF217A}.Debug|Any CPU.Build.0 = Debug|Any CPU
		{495B7A43-0805-4236-9429-732F1FCF217A}.Release|Any CPU.ActiveCfg = Release|Any CPU
		{495B7A43-0805-4236-9429-732F1FCF217A}.Release|Any CPU.Build.0 = Release|Any CPU
		{1D1554ED-C828-4231-85DC-EBBEE36BCCED}.Debug|Any CPU.ActiveCfg = Debug|Any CPU
		{1D1554ED-C828-4231-85DC-EBBEE36BCCED}.Debug|Any CPU.Build.0 = Debug|Any CPU
		{1D1554ED-C828-4231-85DC-EBBEE36BCCED}.Release|Any CPU.ActiveCfg = Release|Any CPU
		{1D1554ED-C828-4231-85DC-EBBEE36BCCED}.Release|Any CPU.Build.0 = Release|Any CPU
		{5908AF11-7AD4-4B34-A03F-9B653B7C3415}.Debug|Any CPU.ActiveCfg = Debug|Any CPU
		{5908AF11-7AD4-4B34-A03F-9B653B7C3415}.Debug|Any CPU.Build.0 = Debug|Any CPU
		{5908AF11-7AD4-4B34-A03F-9B653B7C3415}.Release|Any CPU.ActiveCfg = Release|Any CPU
		{5908AF11-7AD4-4B34-A03F-9B653B7C3415}.Release|Any CPU.Build.0 = Release|Any CPU
	EndGlobalSection
	GlobalSection(SolutionProperties) = preSolution
		HideSolutionNode = FALSE
	EndGlobalSection
	GlobalSection(ExtensibilityGlobals) = postSolution
		SolutionGuid = {98073E3C-5D2A-440E-99CE-5FEFAF6A86BD}
	EndGlobalSection
EndGlobal
