
Microsoft Visual Studio Solution File, Format Version 12.00
# Visual Studio 15
VisualStudioVersion = 15.0.27130.2020
MinimumVisualStudioVersion = 10.0.40219.1
Project("{FAE04EC0-301F-11D3-BF4B-00C04F79EFBC}") = "PovprecnaDolzina", "PredIzpit\PovprecnaDolzina.csproj", "{DE2D3D6C-EFC2-4A39-B019-2732F9E9972D}"
EndProject
Project("{FAE04EC0-301F-11D3-BF4B-00C04F79EFBC}") = "Datoteke, datumi", "Datoteke, datumi\Datoteke, datumi.csproj", "{FEA0D7CD-0896-4E8E-A1BE-BBB70AC1DF67}"
EndProject
Project("{FAE04EC0-301F-11D3-BF4B-00C04F79EFBC}") = "Vozilo", "Vozilo\Vozilo.csproj", "{DC461358-68FB-4F09-8244-42E7F5E8ACCB}"
EndProject
Global
	GlobalSection(SolutionConfigurationPlatforms) = preSolution
		Debug|Any CPU = Debug|Any CPU
		Release|Any CPU = Release|Any CPU
	EndGlobalSection
	GlobalSection(ProjectConfigurationPlatforms) = postSolution
		{DE2D3D6C-EFC2-4A39-B019-2732F9E9972D}.Debug|Any CPU.ActiveCfg = Debug|Any CPU
		{DE2D3D6C-EFC2-4A39-B019-2732F9E9972D}.Debug|Any CPU.Build.0 = Debug|Any CPU
		{DE2D3D6C-EFC2-4A39-B019-2732F9E9972D}.Release|Any CPU.ActiveCfg = Release|Any CPU
		{DE2D3D6C-EFC2-4A39-B019-2732F9E9972D}.Release|Any CPU.Build.0 = Release|Any CPU
		{FEA0D7CD-0896-4E8E-A1BE-BBB70AC1DF67}.Debug|Any CPU.ActiveCfg = Debug|Any CPU
		{FEA0D7CD-0896-4E8E-A1BE-BBB70AC1DF67}.Debug|Any CPU.Build.0 = Debug|Any CPU
		{FEA0D7CD-0896-4E8E-A1BE-BBB70AC1DF67}.Release|Any CPU.ActiveCfg = Release|Any CPU
		{FEA0D7CD-0896-4E8E-A1BE-BBB70AC1DF67}.Release|Any CPU.Build.0 = Release|Any CPU
		{DC461358-68FB-4F09-8244-42E7F5E8ACCB}.Debug|Any CPU.ActiveCfg = Debug|Any CPU
		{DC461358-68FB-4F09-8244-42E7F5E8ACCB}.Debug|Any CPU.Build.0 = Debug|Any CPU
		{DC461358-68FB-4F09-8244-42E7F5E8ACCB}.Release|Any CPU.ActiveCfg = Release|Any CPU
		{DC461358-68FB-4F09-8244-42E7F5E8ACCB}.Release|Any CPU.Build.0 = Release|Any CPU
	EndGlobalSection
	GlobalSection(SolutionProperties) = preSolution
		HideSolutionNode = FALSE
	EndGlobalSection
	GlobalSection(ExtensibilityGlobals) = postSolution
		SolutionGuid = {3FB0BB49-B3DC-4E21-9AB8-C6FDDD5F7CED}
	EndGlobalSection
EndGlobal
